<?xml version="1.0"?>
<CONFIG>
  <ProjectOptions>
    <PathDelim Value="\"/>
    <Version Value="6"/>
    <General>
      <MainUnit Value="0"/>
      <IconPath Value="./"/>
      <TargetFileExt Value=".exe"/>
      <Title Value="TGradButton-Demo"/>
      <ActiveEditorIndexAtStart Value="2"/>
    </General>
    <VersionInfo>
      <ProjectVersion Value=""/>
    </VersionInfo>
    <PublishOptions>
      <Version Value="2"/>
      <IgnoreBinaries Value="False"/>
      <IncludeFileFilter Value="*.(pas|pp|inc|lfm|lpr|lrs|lpi|lpk|sh|xml)"/>
      <ExcludeFileFilter Value="*.(bak|ppu|ppw|o|so);*~;backup"/>
    </PublishOptions>
    <RunParams>
      <local>
        <FormatVersion Value="1"/>
        <LaunchingApplication PathPlusParams="/usr/X11R6/bin/xterm -T 'Lazarus Run Output' -e $(LazarusDir)/tools/runwait.sh $(TargetCmdLine)"/>
      </local>
    </RunParams>
    <RequiredPackages Count="3">
      <Item1>
        <PackageName Value="ImagesForLazarus"/>
      </Item1>
      <Item2>
        <PackageName Value="gradbutton"/>
        <MinVersion Valid="True"/>
      </Item2>
      <Item3>
        <PackageName Value="LCL"/>
      </Item3>
    </RequiredPackages>
    <Units Count="92">
      <Unit0>
        <Filename Value="gradbuttontest.lpr"/>
        <IsPartOfProject Value="True"/>
        <UnitName Value="gradbuttontest"/>
        <CursorPos X="71" Y="11"/>
        <TopLine Value="1"/>
        <EditorIndex Value="0"/>
        <UsageCount Value="166"/>
        <Loaded Value="True"/>
      </Unit0>
      <Unit1>
        <Filename Value="main.pas"/>
        <ComponentName Value="Form1"/>
        <ResourceFilename Value="main.lrs"/>
        <UnitName Value="main"/>
        <CursorPos X="26" Y="19"/>
        <TopLine Value="1"/>
        <UsageCount Value="48"/>
      </Unit1>
      <Unit2>
        <Filename Value="Forms\main.pas"/>
        <ComponentName Value="Form1"/>
        <IsPartOfProject Value="True"/>
        <ResourceBaseClass Value="Form"/>
        <ResourceFilename Value="Forms\main.lrs"/>
        <UnitName Value="main"/>
        <CursorPos X="10" Y="4"/>
        <TopLine Value="1"/>
        <EditorIndex Value="2"/>
        <UsageCount Value="166"/>
        <Loaded Value="True"/>
      </Unit2>
      <Unit3>
        <Filename Value="tableaddfrm.lrs"/>
        <CursorPos X="1" Y="44"/>
        <TopLine Value="1"/>
        <UsageCount Value="10"/>
      </Unit3>
      <Unit4>
        <Filename Value="tableaddfrm.lfm"/>
        <CursorPos X="1" Y="1"/>
        <TopLine Value="1"/>
        <UsageCount Value="10"/>
        <SyntaxHighlighter Value="LFM"/>
      </Unit4>
      <Unit5>
        <Filename Value="PageExtControl.pas"/>
        <UnitName Value="PageExtControl"/>
        <CursorPos X="66" Y="138"/>
        <TopLine Value="49"/>
        <UsageCount Value="9"/>
      </Unit5>
      <Unit6>
        <Filename Value="GradBtn.pas"/>
        <UnitName Value="Gradbtn"/>
        <CursorPos X="9" Y="278"/>
        <TopLine Value="252"/>
        <UsageCount Value="10"/>
      </Unit6>
      <Unit7>
        <Filename Value="..\..\..\fpc\2.2.0\source\rtl\win\wininc\messages.inc"/>
        <CursorPos X="6" Y="1040"/>
        <TopLine Value="8"/>
        <UsageCount Value="10"/>
      </Unit7>
      <Unit8>
        <Filename Value="..\..\..\lcl\forms.pp"/>
        <UnitName Value="Forms"/>
        <CursorPos X="19" Y="480"/>
        <TopLine Value="467"/>
        <UsageCount Value="10"/>
      </Unit8>
      <Unit9>
        <Filename Value="..\..\..\lcl\lmessages.pp"/>
        <UnitName Value="LMessages"/>
        <CursorPos X="15" Y="415"/>
        <TopLine Value="389"/>
        <UsageCount Value="3"/>
      </Unit9>
      <Unit10>
        <Filename Value="..\..\..\lcl\graphics.pp"/>
        <UnitName Value="Graphics"/>
        <CursorPos X="16" Y="973"/>
        <TopLine Value="958"/>
        <UsageCount Value="2"/>
      </Unit10>
      <Unit11>
        <Filename Value="..\..\lazgradient\gradient.pas"/>
        <UnitName Value="Gradient"/>
        <CursorPos X="1" Y="130"/>
        <TopLine Value="202"/>
        <UsageCount Value="10"/>
      </Unit11>
      <Unit12>
        <Filename Value="..\..\..\fpc\2.2.0\source\rtl\objpas\math.pp"/>
        <UnitName Value="math"/>
        <CursorPos X="18" Y="69"/>
        <TopLine Value="12"/>
        <UsageCount Value="10"/>
      </Unit12>
      <Unit13>
        <Filename Value="Units\ugradbtn.pas"/>
        <UnitName Value="ugradbtn"/>
        <CursorPos X="56" Y="277"/>
        <TopLine Value="251"/>
        <UsageCount Value="49"/>
      </Unit13>
      <Unit14>
        <Filename Value="..\..\..\lcl\extctrls.pp"/>
        <UnitName Value="ExtCtrls"/>
        <CursorPos X="24" Y="1079"/>
        <TopLine Value="1026"/>
        <UsageCount Value="20"/>
      </Unit14>
      <Unit15>
        <Filename Value="..\..\..\lcl\controls.pp"/>
        <UnitName Value="Controls"/>
        <CursorPos X="14" Y="1249"/>
        <TopLine Value="1234"/>
        <UsageCount Value="20"/>
      </Unit15>
      <Unit16>
        <Filename Value="..\..\..\fpc\2.2.0\source\rtl\objpas\classes\classesh.inc"/>
        <CursorPos X="54" Y="110"/>
        <TopLine Value="95"/>
        <UsageCount Value="3"/>
      </Unit16>
      <Unit17>
        <Filename Value="..\..\..\lcl\include\control.inc"/>
        <CursorPos X="1" Y="864"/>
        <TopLine Value="849"/>
        <UsageCount Value="19"/>
      </Unit17>
      <Unit18>
        <Filename Value="..\..\..\lcl\include\customform.inc"/>
        <CursorPos X="1" Y="1384"/>
        <TopLine Value="1369"/>
        <UsageCount Value="2"/>
      </Unit18>
      <Unit19>
        <Filename Value="..\..\..\lcl\include\winapih.inc"/>
        <CursorPos X="10" Y="101"/>
        <TopLine Value="86"/>
        <UsageCount Value="10"/>
      </Unit19>
      <Unit20>
        <Filename Value="..\..\..\lcl\buttons.pp"/>
        <UnitName Value="Buttons"/>
        <CursorPos X="7" Y="351"/>
        <TopLine Value="1"/>
        <UsageCount Value="19"/>
      </Unit20>
      <Unit21>
        <Filename Value="..\..\..\lcl\include\speedbutton.inc"/>
        <CursorPos X="17" Y="500"/>
        <TopLine Value="493"/>
        <UsageCount Value="15"/>
      </Unit21>
      <Unit22>
        <Filename Value="..\..\..\lcl\themes.pas"/>
        <UnitName Value="Themes"/>
        <CursorPos X="10" Y="479"/>
        <TopLine Value="119"/>
        <UsageCount Value="14"/>
      </Unit22>
      <Unit23>
        <Filename Value="..\..\..\lcl\stdctrls.pp"/>
        <UnitName Value="StdCtrls"/>
        <CursorPos X="15" Y="119"/>
        <TopLine Value="365"/>
        <UsageCount Value="2"/>
      </Unit23>
      <Unit24>
        <Filename Value="..\..\..\lcl\include\buttons.inc"/>
        <CursorPos X="1" Y="26"/>
        <TopLine Value="11"/>
        <UsageCount Value="2"/>
      </Unit24>
      <Unit25>
        <Filename Value="..\..\..\lcl\include\bitbtn.inc"/>
        <CursorPos X="1" Y="44"/>
        <TopLine Value="44"/>
        <UsageCount Value="6"/>
      </Unit25>
      <Unit26>
        <Filename Value="..\..\..\lcl\graphtype.pp"/>
        <UnitName Value="GraphType"/>
        <CursorPos X="14" Y="48"/>
        <TopLine Value="30"/>
        <UsageCount Value="5"/>
      </Unit26>
      <Unit27>
        <Filename Value="..\..\..\lcl\dialogs.pp"/>
        <UnitName Value="Dialogs"/>
        <CursorPos X="11" Y="489"/>
        <TopLine Value="474"/>
        <UsageCount Value="5"/>
      </Unit27>
      <Unit28>
        <Filename Value="Forms\main.lrs"/>
        <CursorPos X="1" Y="140"/>
        <TopLine Value="110"/>
        <UsageCount Value="20"/>
      </Unit28>
      <Unit29>
        <Filename Value="Forms\main.lfm"/>
        <CursorPos X="1" Y="1"/>
        <TopLine Value="1"/>
        <EditorIndex Value="1"/>
        <UsageCount Value="47"/>
        <Loaded Value="True"/>
        <SyntaxHighlighter Value="LFM"/>
      </Unit29>
      <Unit30>
        <Filename Value="..\..\..\lcl\interfaces\win32\interfaces.pp"/>
        <UnitName Value="Interfaces"/>
        <CursorPos X="54" Y="11"/>
        <TopLine Value="1"/>
        <UsageCount Value="5"/>
      </Unit30>
      <Unit31>
        <Filename Value="..\..\..\lcl\include\wincontrol.inc"/>
        <CursorPos X="25" Y="5894"/>
        <TopLine Value="5879"/>
        <UsageCount Value="3"/>
      </Unit31>
      <Unit32>
        <Filename Value="..\..\..\fpc\2.2.0\source\rtl\inc\systemh.inc"/>
        <CursorPos X="14" Y="87"/>
        <TopLine Value="72"/>
        <UsageCount Value="3"/>
      </Unit32>
      <Unit33>
        <Filename Value="..\..\..\lcl\lcltype.pp"/>
        <UnitName Value="LCLType"/>
        <CursorPos X="3" Y="1114"/>
        <TopLine Value="7"/>
        <UsageCount Value="4"/>
      </Unit33>
      <Unit34>
        <Filename Value="..\..\..\fpc\2.2.0\source\rtl\win32\windows.pp"/>
        <UnitName Value="windows"/>
        <CursorPos X="8" Y="33"/>
        <TopLine Value="15"/>
        <UsageCount Value="3"/>
      </Unit34>
      <Unit35>
        <Filename Value="..\..\..\fpc\2.2.0\source\rtl\win\wininc\defines.inc"/>
        <CursorPos X="1" Y="1"/>
        <TopLine Value="265"/>
        <UsageCount Value="3"/>
      </Unit35>
      <Unit36>
        <Filename Value="..\..\..\lcl\comctrls.pp"/>
        <UnitName Value="ComCtrls"/>
        <CursorPos X="5" Y="2676"/>
        <TopLine Value="2654"/>
        <UsageCount Value="5"/>
      </Unit36>
      <Unit37>
        <Filename Value="..\..\..\lcl\include\trackbar.inc"/>
        <CursorPos X="3" Y="296"/>
        <TopLine Value="48"/>
        <UsageCount Value="5"/>
      </Unit37>
      <Unit38>
        <Filename Value="..\..\..\lcl\widgetset\wscomctrls.pp"/>
        <UnitName Value="WSComCtrls"/>
        <CursorPos X="1" Y="481"/>
        <TopLine Value="484"/>
        <UsageCount Value="3"/>
      </Unit38>
      <Unit39>
        <Filename Value="..\gradbutton.pas"/>
        <UnitName Value="gradbutton"/>
        <CursorPos X="21" Y="10"/>
        <TopLine Value="1"/>
        <UsageCount Value="38"/>
      </Unit39>
      <Unit40>
        <Filename Value="..\..\..\lcl\colorbox.pas"/>
        <UnitName Value="ColorBox"/>
        <CursorPos X="1" Y="194"/>
        <TopLine Value="341"/>
        <UsageCount Value="4"/>
      </Unit40>
      <Unit41>
        <Filename Value="..\ugradbtn.pas"/>
        <UnitName Value="ugradbtn"/>
        <CursorPos X="19" Y="797"/>
        <TopLine Value="789"/>
        <UsageCount Value="63"/>
      </Unit41>
      <Unit42>
        <Filename Value="..\..\..\packager\registration\lazaruspackageintf.pas"/>
        <UnitName Value="LazarusPackageIntf"/>
        <CursorPos X="1" Y="1"/>
        <TopLine Value="52"/>
        <UsageCount Value="3"/>
      </Unit42>
      <Unit43>
        <Filename Value="..\..\..\SVN\lcl\comctrls.pp"/>
        <UnitName Value="ComCtrls"/>
        <CursorPos X="10" Y="1435"/>
        <TopLine Value="1435"/>
        <UsageCount Value="33"/>
      </Unit43>
      <Unit44>
        <Filename Value="..\..\..\SVN\fpc\2.2.3\source\rtl\objpas\classes\classesh.inc"/>
        <CursorPos X="15" Y="32"/>
        <TopLine Value="21"/>
        <UsageCount Value="33"/>
      </Unit44>
      <Unit45>
        <Filename Value="..\..\..\SVN\fpc\2.2.3\source\rtl\objpas\types.pp"/>
        <UnitName Value="types"/>
        <CursorPos X="10" Y="279"/>
        <TopLine Value="251"/>
        <UsageCount Value="19"/>
      </Unit45>
      <Unit46>
        <Filename Value="..\..\..\SVN\lcl\graphics.pp"/>
        <UnitName Value="Graphics"/>
        <CursorPos X="1" Y="1"/>
        <TopLine Value="1"/>
        <UsageCount Value="45"/>
      </Unit46>
      <Unit47>
        <Filename Value="silkicons.lrs"/>
        <CursorPos X="1" Y="1"/>
        <TopLine Value="1"/>
        <UsageCount Value="27"/>
      </Unit47>
      <Unit48>
        <Filename Value="..\..\..\SVN\lcl\include\graphic.inc"/>
        <CursorPos X="17" Y="19"/>
        <TopLine Value="4"/>
        <UsageCount Value="25"/>
      </Unit48>
      <Unit49>
        <Filename Value="..\..\..\SVN\components\images\lazpng.pas"/>
        <UnitName Value="LazPNG"/>
        <CursorPos X="22" Y="27"/>
        <TopLine Value="1"/>
        <UsageCount Value="25"/>
      </Unit49>
      <Unit50>
        <Filename Value="..\..\..\SVN\lcl\buttons.pp"/>
        <UnitName Value="Buttons"/>
        <CursorPos X="1" Y="1"/>
        <TopLine Value="1"/>
        <UsageCount Value="35"/>
      </Unit50>
      <Unit51>
        <Filename Value="..\..\..\SVN\lcl\include\bitbtn.inc"/>
        <CursorPos X="1" Y="21"/>
        <TopLine Value="42"/>
        <UsageCount Value="29"/>
      </Unit51>
      <Unit52>
        <Filename Value="..\..\..\SVN\lcl\controls.pp"/>
        <UnitName Value="Controls"/>
        <CursorPos X="28" Y="1848"/>
        <TopLine Value="1829"/>
        <UsageCount Value="34"/>
      </Unit52>
      <Unit53>
        <Filename Value="..\..\..\SVN\lcl\imglist.pp"/>
        <UnitName Value="ImgList"/>
        <CursorPos X="15" Y="179"/>
        <TopLine Value="164"/>
        <UsageCount Value="28"/>
      </Unit53>
      <Unit54>
        <Filename Value="..\..\..\SVN\lcl\graphtype.pp"/>
        <UnitName Value="GraphType"/>
        <CursorPos X="5" Y="53"/>
        <TopLine Value="24"/>
        <UsageCount Value="28"/>
      </Unit54>
      <Unit55>
        <Filename Value="..\..\..\SVN\lcl\arrow.pp"/>
        <UnitName Value="Arrow"/>
        <CursorPos X="20" Y="133"/>
        <TopLine Value="115"/>
        <UsageCount Value="20"/>
      </Unit55>
      <Unit56>
        <Filename Value="..\..\..\SVN\components\virtualtrees-4.0.17.26\virtualtrees.pas"/>
        <UnitName Value="VirtualTrees"/>
        <CursorPos X="80" Y="1815"/>
        <TopLine Value="1802"/>
        <UsageCount Value="5"/>
      </Unit56>
      <Unit57>
        <Filename Value="..\..\..\SVN\fpc\2.2.3\source\packages\libpng\src\png.pp"/>
        <UnitName Value="png"/>
        <CursorPos X="1" Y="612"/>
        <TopLine Value="612"/>
        <UsageCount Value="6"/>
      </Unit57>
      <Unit58>
        <Filename Value="..\..\..\SVN\fpc\2.2.3\source\packages\fcl-image\src\pngcomn.pp"/>
        <UnitName Value="PNGcomn"/>
        <CursorPos X="17" Y="20"/>
        <TopLine Value="2"/>
        <UsageCount Value="6"/>
      </Unit58>
      <Unit59>
        <Filename Value="..\..\..\SVN\fpc\2.2.3\source\packages\fcl-image\src\fpimage.pp"/>
        <UnitName Value="FPimage"/>
        <CursorPos X="1" Y="82"/>
        <TopLine Value="82"/>
        <UsageCount Value="6"/>
      </Unit59>
      <Unit60>
        <Filename Value="..\..\..\SVN\lcl\include\picture.inc"/>
        <CursorPos X="14" Y="364"/>
        <TopLine Value="358"/>
        <UsageCount Value="26"/>
      </Unit60>
      <Unit61>
        <Filename Value="..\..\..\SVN\lcl\include\imglist.inc"/>
        <CursorPos X="40" Y="550"/>
        <TopLine Value="529"/>
        <UsageCount Value="13"/>
      </Unit61>
      <Unit62>
        <Filename Value="..\..\..\SVN\lcl\include\control.inc"/>
        <CursorPos X="3" Y="4276"/>
        <TopLine Value="4267"/>
        <UsageCount Value="13"/>
      </Unit62>
      <Unit63>
        <Filename Value="..\..\..\SVN\components\zeos\src\component\ZAbstractRODataset.pas"/>
        <UnitName Value="ZAbstractRODataset"/>
        <CursorPos X="1" Y="1"/>
        <TopLine Value="1"/>
        <UsageCount Value="10"/>
      </Unit63>
      <Unit64>
        <Filename Value="..\..\..\SVN\fpc\2.3.1\packages\fcl-db\src\base\db.pas"/>
        <UnitName Value="db"/>
        <CursorPos X="50" Y="110"/>
        <TopLine Value="95"/>
        <UsageCount Value="10"/>
      </Unit64>
      <Unit65>
        <Filename Value="..\..\..\SVN\ide\lazarus.pp"/>
        <UnitName Value="Lazarus"/>
        <CursorPos X="1" Y="43"/>
        <TopLine Value="22"/>
        <UsageCount Value="10"/>
      </Unit65>
      <Unit66>
        <Filename Value="..\..\..\SVN\lcl\lresources.pp"/>
        <UnitName Value="LResources"/>
        <CursorPos X="1" Y="2855"/>
        <TopLine Value="2840"/>
        <UsageCount Value="12"/>
      </Unit66>
      <Unit67>
        <Filename Value="..\urotatebitmap.pas"/>
        <UnitName Value="urotatebitmap"/>
        <CursorPos X="5" Y="129"/>
        <TopLine Value="127"/>
        <UsageCount Value="17"/>
      </Unit67>
      <Unit68>
        <Filename Value="..\..\..\SVN\ide\sourceeditor.pp"/>
        <ComponentName Value="SourceNotebook"/>
        <HasResources Value="True"/>
        <ResourceBaseClass Value="Form"/>
        <UnitName Value="SourceEditor"/>
        <CursorPos X="5" Y="6318"/>
        <TopLine Value="6318"/>
        <UsageCount Value="9"/>
      </Unit68>
      <Unit69>
        <Filename Value="..\..\..\SVN\components\synedit\synedit.pp"/>
        <UnitName Value="SynEdit"/>
        <CursorPos X="14" Y="821"/>
        <TopLine Value="806"/>
        <UsageCount Value="9"/>
      </Unit69>
      <Unit70>
        <Filename Value="..\..\..\SVN\lcl\intfgraphics.pas"/>
        <UnitName Value="IntfGraphics"/>
        <CursorPos X="1" Y="3157"/>
        <TopLine Value="3142"/>
        <UsageCount Value="9"/>
      </Unit70>
      <Unit71>
        <Filename Value="..\..\..\SVN\lcl\stdctrls.pp"/>
        <UnitName Value="StdCtrls"/>
        <CursorPos X="3" Y="1022"/>
        <TopLine Value="1037"/>
        <UsageCount Value="11"/>
      </Unit71>
      <Unit72>
        <Filename Value="..\..\..\SVN\lcl\include\buttoncontrol.inc"/>
        <CursorPos X="3" Y="69"/>
        <TopLine Value="67"/>
        <UsageCount Value="9"/>
      </Unit72>
      <Unit73>
        <Filename Value="..\..\..\SVN\lcl\include\buttons.inc"/>
        <CursorPos X="26" Y="243"/>
        <TopLine Value="243"/>
        <UsageCount Value="14"/>
      </Unit73>
      <Unit74>
        <Filename Value="..\..\..\SVN\lcl\include\speedbutton.inc"/>
        <CursorPos X="1" Y="1"/>
        <TopLine Value="1"/>
        <UsageCount Value="14"/>
      </Unit74>
      <Unit75>
        <Filename Value="..\..\..\SVN\fpc\2.3.1\rtl\win\sysutils.pp"/>
        <UnitName Value="sysutils"/>
        <CursorPos X="9" Y="34"/>
        <TopLine Value="16"/>
        <UsageCount Value="10"/>
      </Unit75>
      <Unit76>
        <Filename Value="..\..\..\SVN\fpc\2.3.1\rtl\win32\windows.pp"/>
        <UnitName Value="windows"/>
        <CursorPos X="8" Y="33"/>
        <TopLine Value="1"/>
        <UsageCount Value="10"/>
      </Unit76>
      <Unit77>
        <Filename Value="..\..\..\SVN\fpc\2.3.1\rtl\win\wininc\base.inc"/>
        <CursorPos X="1" Y="1"/>
        <TopLine Value="478"/>
        <UsageCount Value="10"/>
      </Unit77>
      <Unit78>
        <Filename Value="..\..\..\SVN\fpc\2.3.1\rtl\objpas\sysutils\sysutilh.inc"/>
        <CursorPos X="39" Y="242"/>
        <TopLine Value="241"/>
        <UsageCount Value="10"/>
      </Unit78>
      <Unit79>
        <Filename Value="..\..\..\SVN\lcl\include\wincontrol.inc"/>
        <CursorPos X="5" Y="4915"/>
        <TopLine Value="4901"/>
        <UsageCount Value="11"/>
      </Unit79>
      <Unit80>
        <Filename Value="..\..\..\SVN\lcl\include\winapih.inc"/>
        <CursorPos X="15" Y="211"/>
        <TopLine Value="196"/>
        <UsageCount Value="11"/>
      </Unit80>
      <Unit81>
        <Filename Value="..\..\..\SVN\lcl\include\intfbasewinapi.inc"/>
        <CursorPos X="3" Y="1394"/>
        <TopLine Value="1392"/>
        <UsageCount Value="11"/>
      </Unit81>
      <Unit82>
        <Filename Value="..\..\..\SVN\lcl\themes.pas"/>
        <UnitName Value="Themes"/>
        <CursorPos X="8" Y="451"/>
        <TopLine Value="451"/>
        <UsageCount Value="10"/>
      </Unit82>
      <Unit83>
        <Filename Value="..\..\..\SVN\lcl\include\buttonglyph.inc"/>
        <CursorPos X="1" Y="1"/>
        <TopLine Value="1"/>
        <UsageCount Value="13"/>
      </Unit83>
      <Unit84>
        <Filename Value="..\..\..\SVN\lcl\include\lclintfh.inc"/>
        <CursorPos X="30" Y="68"/>
        <TopLine Value="53"/>
        <UsageCount Value="13"/>
      </Unit84>
      <Unit85>
        <Filename Value="..\..\..\SVN\fpc\2.3.1\rtl\objpas\classes\classesh.inc"/>
        <CursorPos X="3" Y="161"/>
        <TopLine Value="146"/>
        <UsageCount Value="13"/>
      </Unit85>
      <Unit86>
        <Filename Value="..\..\..\SVN\lcl\include\rasterimage.inc"/>
        <CursorPos X="1" Y="1"/>
        <TopLine Value="1"/>
        <UsageCount Value="11"/>
      </Unit86>
      <Unit87>
        <Filename Value="..\..\..\SVN\components\CCR\components\virtualtreeview\virtualstringtree.pas"/>
        <UnitName Value="VirtualStringTree"/>
        <CursorPos X="25" Y="375"/>
        <TopLine Value="351"/>
        <UsageCount Value="11"/>
      </Unit87>
      <Unit88>
        <Filename Value="..\..\..\SVN\components\CCR\components\virtualtreeview\virtualtrees.pas"/>
        <UnitName Value="VirtualTrees"/>
        <CursorPos X="36" Y="1465"/>
        <TopLine Value="1447"/>
        <UsageCount Value="11"/>
      </Unit88>
      <Unit89>
        <Filename Value="..\..\..\SVN\ide\ideprocs.pp"/>
        <UnitName Value="IDEProcs"/>
        <CursorPos X="1" Y="1"/>
        <TopLine Value="1"/>
        <UsageCount Value="11"/>
      </Unit89>
      <Unit90>
        <Filename Value="..\..\..\SVN\lcl\avglvltree.pas"/>
        <UnitName Value="AvgLvlTree"/>
        <CursorPos X="72" Y="190"/>
        <TopLine Value="175"/>
        <UsageCount Value="10"/>
      </Unit90>
      <Unit91>
        <Filename Value="..\..\..\SVN\fpc\2.3.1\packages\fcl-image\src\fpcanvas.pp"/>
        <UnitName Value="FPCanvas"/>
        <CursorPos X="3" Y="82"/>
        <TopLine Value="73"/>
        <UsageCount Value="10"/>
      </Unit91>
    </Units>
    <JumpHistory Count="2" HistoryIndex="1">
      <Position1>
        <Filename Value="Forms\main.pas"/>
        <Caret Line="190" Column="48" TopLine="180"/>
      </Position1>
      <Position2>
        <Filename Value="Forms\main.pas"/>
        <Caret Line="75" Column="23" TopLine="60"/>
      </Position2>
    </JumpHistory>
  </ProjectOptions>
  <CompilerOptions>
    <Version Value="5"/>
    <PathDelim Value="\"/>
    <SearchPaths>
      <OtherUnitFiles Value="Forms\"/>
    </SearchPaths>
    <CodeGeneration>
      <Generate Value="Faster"/>
    </CodeGeneration>
    <Linking>
      <Debugging>
        <UseHeaptrc Value="True"/>
      </Debugging>
    </Linking>
    <Other>
      <CompilerPath Value="$(CompPath)"/>
    </Other>
  </CompilerOptions>
</CONFIG>
